
Microsoft Visual Studio Solution File, Format Version 12.00
# Visual Studio Version 17
VisualStudioVersion = 17.14.36623.8 d17.14
MinimumVisualStudioVersion = 10.0.40219.1
Project("{FAE04EC0-301F-11D3-BF4B-00C04F79EFBC}") = "GaziNotHesaplamaProje_01", "GaziNotHesaplamaProje_01\GaziNotHesaplamaProje_01.csproj", "{3467ADC2-185E-4976-89A3-0D2B1443FBE5}"
EndProject
Global
	GlobalSection(SolutionConfigurationPlatforms) = preSolution
		Debug|Any CPU = Debug|Any CPU
		Release|Any CPU = Release|Any CPU
	EndGlobalSection
	GlobalSection(ProjectConfigurationPlatforms) = postSolution
		{3467ADC2-185E-4976-89A3-0D2B1443FBE5}.Debug|Any CPU.ActiveCfg = Debug|Any CPU
		{3467ADC2-185E-4976-89A3-0D2B1443FBE5}.Debug|Any CPU.Build.0 = Debug|Any CPU
		{3467ADC2-185E-4976-89A3-0D2B1443FBE5}.Release|Any CPU.ActiveCfg = Release|Any CPU
		{3467ADC2-185E-4976-89A3-0D2B1443FBE5}.Release|Any CPU.Build.0 = Release|Any CPU
	EndGlobalSection
	GlobalSection(SolutionProperties) = preSolution
		HideSolutionNode = FALSE
	EndGlobalSection
	GlobalSection(ExtensibilityGlobals) = postSolution
		SolutionGuid = {123E5FC0-518A-4A23-A264-E9253A227F59}
	EndGlobalSection
EndGlobal
